{
  "version": 4,
  "terraform_version": "1.3.1",
  "serial": 53,
  "lineage": "bce8db01-6d60-5892-436c-243f11bdaa6d",
  "outputs": {
    "ssh_command": {
      "value": "ssh -i C:/Users/andre/Documents/Škola/UNIZA/Ing/3. semester/Orchestračné nástroje pre kontajnery/zadanie/./ONPK_13-dev-keypair.pem.pem ubuntu@158.193.153.155",
      "type": "string"
    }
  },
  "resources": [
    {
      "mode": "data",
      "type": "cloudinit_config",
      "name": "user_data",
      "provider": "provider[\"registry.terraform.io/hashicorp/cloudinit\"]",
      "instances": [
        {
          "schema_version": 0,
          "attributes": {
            "base64_encode": false,
            "boundary": "MIMEBOUNDARY",
            "gzip": false,
            "id": "1905680178",
            "part": [
              {
                "content": "#!/bin/bash\n\ncat \u003c\u003c EOF \u003e\u003e /etc/sysctl.conf\nnet.ipv6.conf.all.disable_ipv6=1\nnet.ipv6.conf.default.disable_ipv6=1\nnet.ipv6.conf.lo.disable_ipv6=1 \nEOF\n\nsysctl -p\n\napt -y update \u0026\u0026 apt -y upgrade\n",
                "content_type": "text/x-shellscript",
                "filename": "userdata_base",
                "merge_type": ""
              },
              {
                "content": "#!/bin/bash\n\napt -y remove docker docker-engine docker.io containerd runc\n\napt-get install \\\n    ca-certificates \\\n    curl \\\n    gnupg \\\n    lsb-release\n\nmkdir -p /etc/apt/keyrings\ncurl -fsSL https://download.docker.com/linux/ubuntu/gpg | sudo gpg --dearmor -o /etc/apt/keyrings/docker.gpg\n\necho \\\n  \"deb [arch=$(dpkg --print-architecture) signed-by=/etc/apt/keyrings/docker.gpg] https://download.docker.com/linux/ubuntu \\\n  $(lsb_release -cs) stable\" | sudo tee /etc/apt/sources.list.d/docker.list \u003e /dev/null\n\napt -y update\napt -y install docker-ce docker-ce-cli containerd.io docker-compose-plugin\n\ngroupadd docker\nusermod -aG docker ubuntu\n",
                "content_type": "text/x-shellscript",
                "filename": "userdata_docker",
                "merge_type": ""
              },
              {
                "content": "#!/bin/bash\n\nK8S_VERSION=\"v1.23.13\"\n\n### conntrack: install\napt install conntrack\n\n### kubectl: install\ncurl --silent -LO https://storage.googleapis.com/kubernetes-release/release/$K8S_VERSION/bin/linux/amd64/kubectl\nchmod +x ./kubectl\nsudo mv ./kubectl /usr/local/bin/kubectl\n\n### minikube: install\ncurl --silent -Lo minikube https://storage.googleapis.com/minikube/releases/latest/minikube-linux-amd64 \u0026\u0026 chmod +x minikube \u0026\u0026 sudo mv minikube /usr/local/bin/\n\n### minikube: start\nsu - ubuntu -c \"minikube start --kubernetes-version=${K8S_VERSION} --nodes=3\"\nsu - ubuntu -c \"minikube addons enable ingress\"\nsu - ubuntu -c \"minikube status\"\n",
                "content_type": "text/x-shellscript",
                "filename": "userdata_minikube",
                "merge_type": ""
              }
            ],
            "rendered": "Content-Type: multipart/mixed; boundary=\"MIMEBOUNDARY\"\nMIME-Version: 1.0\r\n\r\n--MIMEBOUNDARY\r\nContent-Disposition: attachment; filename=\"userdata_base\"\r\nContent-Transfer-Encoding: 7bit\r\nContent-Type: text/x-shellscript\r\nMime-Version: 1.0\r\n\r\n#!/bin/bash\n\ncat \u003c\u003c EOF \u003e\u003e /etc/sysctl.conf\nnet.ipv6.conf.all.disable_ipv6=1\nnet.ipv6.conf.default.disable_ipv6=1\nnet.ipv6.conf.lo.disable_ipv6=1 \nEOF\n\nsysctl -p\n\napt -y update \u0026\u0026 apt -y upgrade\n\r\n--MIMEBOUNDARY\r\nContent-Disposition: attachment; filename=\"userdata_docker\"\r\nContent-Transfer-Encoding: 7bit\r\nContent-Type: text/x-shellscript\r\nMime-Version: 1.0\r\n\r\n#!/bin/bash\n\napt -y remove docker docker-engine docker.io containerd runc\n\napt-get install \\\n    ca-certificates \\\n    curl \\\n    gnupg \\\n    lsb-release\n\nmkdir -p /etc/apt/keyrings\ncurl -fsSL https://download.docker.com/linux/ubuntu/gpg | sudo gpg --dearmor -o /etc/apt/keyrings/docker.gpg\n\necho \\\n  \"deb [arch=$(dpkg --print-architecture) signed-by=/etc/apt/keyrings/docker.gpg] https://download.docker.com/linux/ubuntu \\\n  $(lsb_release -cs) stable\" | sudo tee /etc/apt/sources.list.d/docker.list \u003e /dev/null\n\napt -y update\napt -y install docker-ce docker-ce-cli containerd.io docker-compose-plugin\n\ngroupadd docker\nusermod -aG docker ubuntu\n\r\n--MIMEBOUNDARY\r\nContent-Disposition: attachment; filename=\"userdata_minikube\"\r\nContent-Transfer-Encoding: 7bit\r\nContent-Type: text/x-shellscript\r\nMime-Version: 1.0\r\n\r\n#!/bin/bash\n\nK8S_VERSION=\"v1.23.13\"\n\n### conntrack: install\napt install conntrack\n\n### kubectl: install\ncurl --silent -LO https://storage.googleapis.com/kubernetes-release/release/$K8S_VERSION/bin/linux/amd64/kubectl\nchmod +x ./kubectl\nsudo mv ./kubectl /usr/local/bin/kubectl\n\n### minikube: install\ncurl --silent -Lo minikube https://storage.googleapis.com/minikube/releases/latest/minikube-linux-amd64 \u0026\u0026 chmod +x minikube \u0026\u0026 sudo mv minikube /usr/local/bin/\n\n### minikube: start\nsu - ubuntu -c \"minikube start --kubernetes-version=${K8S_VERSION} --nodes=3\"\nsu - ubuntu -c \"minikube addons enable ingress\"\nsu - ubuntu -c \"minikube status\"\n\r\n--MIMEBOUNDARY--\r\n"
          },
          "sensitive_attributes": []
        }
      ]
    },
    {
      "mode": "data",
      "type": "http",
      "name": "my_public_ip",
      "provider": "provider[\"registry.terraform.io/hashicorp/http\"]",
      "instances": [
        {
          "schema_version": 0,
          "attributes": {
            "body": "158.193.177.7\n",
            "ca_cert_pem": null,
            "id": "http://ipv4.icanhazip.com",
            "insecure": null,
            "method": null,
            "request_body": null,
            "request_headers": null,
            "response_body": "158.193.177.7\n",
            "response_headers": {
              "Access-Control-Allow-Methods": "GET",
              "Access-Control-Allow-Origin": "*",
              "Alt-Svc": "h3=\":443\"; ma=86400, h3-29=\":443\"; ma=86400",
              "Cf-Ray": "77d18036c8e777f7-VIE",
              "Connection": "keep-alive",
              "Content-Length": "14",
              "Content-Type": "text/plain",
              "Date": "Wed, 21 Dec 2022 15:02:48 GMT",
              "Server": "cloudflare",
              "Set-Cookie": "__cf_bm=oKWnh2uxGkAht9HzFkYroLoqVGIMkXQlKwNkEDcwL9I-1671634968-0-AUiH/+Y2KrllqYVODhInPX3qOLYxao0Ykb/IJ6in5E1/aWfayFW5DT9Qi3mGRE9M+lpCTcDjc7vttxojnS7M+Es=; path=/; expires=Wed, 21-Dec-22 15:32:48 GMT; domain=.icanhazip.com; HttpOnly; SameSite=None",
              "Vary": "Accept-Encoding"
            },
            "status_code": 200,
            "url": "http://ipv4.icanhazip.com"
          },
          "sensitive_attributes": []
        }
      ]
    },
    {
      "mode": "managed",
      "type": "local_file",
      "name": "private_key",
      "provider": "provider[\"registry.terraform.io/hashicorp/local\"]",
      "instances": [
        {
          "schema_version": 0,
          "attributes": {
            "content": "-----BEGIN RSA PRIVATE KEY-----\nMIIEowIBAAKCAQEAsPL/djB4nQBu0nTTV8Zm1UGAW9QYAhosgDIsXVGk5iII8wih\nw1C2kRxuQDeFdTFXFIer3ScGn2i5tmJfhqMKpIlvptwQrFLaPZCN7QdpjMHOM5F0\niWtLlIfy3L3RhyUERzzi7eSJAfV30B+EMita5893FKde7dyUJ/FBPGbUuv2DMvON\nw2Q5pitpjBtrhesQTDlVJhTEWtRSc9ZJorEklpo3EzVmF42fZmHxJc+0EZeNe3e3\nBWVijh8TzGiPOJxu/i1vwF+B+3mTWnQ5707tJjBbIxkbMp0+pYY//CxDXI89JDml\n25GSo9Mq6BRVN3dHJUCg5LcyUnTV0IT9kLg0dwIDAQABAoIBAFkXcAIs831xK1sx\nUPufvEThPuR9TD06um8tU+MEaXcpacIb9X5mlBVJ8ETK75oK5qJCkQi/TnlSfDbV\nHu2mB4TCYgHsSUTKTnGy55KRKdah+dVDBh7uc9ZsAJ6dv/JAc//+Ku/GIilnUxTp\n2WB9Lb8LWRSAFK7EYaAeu07TI4alqWbV5zNuAMAaIlnedC77PkN42OL97X0cQfQf\nPmJJYu6eiNmQKwwSWFuXA6aqlLQEEIlbFzZFoDekovvlA6HLjc/K3F976hwfggJ8\nyBJ0O6OIxcgiZ+d6MRm5tk9fvPvLV45KNyGRPmm3fdWYGCSoPPlO+eFQwsspfoGl\n2JEGEVkCgYEA1d8tBVmiYWpdlJb8QUbpE6+4Sbx+ySD8GklCsjDnwkiAKeUCuqeR\nUVwjhnr4BX7wtEpXVqexI8rYOX2m3qJ+qF7Ry4gVdZOCPGLaijTdQLmXAmadUnr+\nce2eQBJTtsvexDwVixlU99gnU8FG4gvua447j0KkmOXbNNYsOaMDokMCgYEA083x\nW7kLlfIvxNX1TwZWhONEOYFxqzri3P7tSfVadlBLMlGPXl9hOp8dVV+T3yaMtte9\nCvHNnGc123WiI/oOmo2COtob96kBvhcduGR431vwVHxGSFt/a7OkAXzbcK2EP1Pj\nyvlpJSY6Ba1kzOt2uMY2vGX607xuO0gBIEq4470CgYB+wLMU/aeQJpLpsoY0Rctz\nQGxvPwjBOQxQo+SkaPmiGofizHhOmWs1le70D8MYtr//iiOzFtWUSe7WO9L/Fb0N\nGo0qHC/jrBW+pjOxP111s8h8wsYwkPZmHRbyECqPJsqS8K0v8EZ8UR4VtHHHHJ0k\nH3rLEAsvFuNQsDIrwqIvswKBgEa8LZIDX6IpKtji17UXmcdxmvRVjZ+w39kMbjTX\n8uk2cZaRdH8A/Zi1UPeVHu5UkoPx0tmX3aIROgRb6dV4Cm6FOevrsZFpaQKR98QA\nEfoOW1nr0xERNaHDcc9pYmPkHxmDK706xGm6tX/144coUBLvZ5JNwJH8CRhVOMMP\nEWZFAoGBAKvBPrj6aw91gm2oydEV6nj8dIjQ9pLtkNKhawiauh3HZrKBnk5u+1QU\nkq5MV/vvzmV+AbCjAlouujypYXVPT0YO9fr0yGdkhmegHY5gmU6ZgSmfSYqQ6GTy\nGphHjiIoKGOm54FBRLE8wQ4AfewprH5HaxZUf2lkM8WiDIABBmjC\n-----END RSA PRIVATE KEY-----\n",
            "content_base64": null,
            "directory_permission": "0777",
            "file_permission": "0400",
            "filename": "./ONPK_13-dev-keypair.pem",
            "id": "62c0195555ca2d306623b76ef42e693d18992d9e",
            "sensitive_content": null,
            "source": null
          },
          "sensitive_attributes": [],
          "private": "bnVsbA==",
          "dependencies": [
            "openstack_compute_keypair_v2.keypair"
          ]
        }
      ]
    },
    {
      "mode": "managed",
      "type": "openstack_compute_instance_v2",
      "name": "instance",
      "provider": "provider[\"registry.terraform.io/terraform-provider-openstack/openstack\"]",
      "instances": [
        {
          "schema_version": 0,
          "attributes": {
            "access_ip_v4": "158.193.153.155",
            "access_ip_v6": "[2001:4118:300:124::1:3e]",
            "admin_pass": null,
            "all_metadata": {},
            "all_tags": [],
            "availability_zone": "compute1",
            "availability_zone_hints": null,
            "block_device": [],
            "config_drive": null,
            "created": "2022-12-21 14:46:51 +0000 UTC",
            "flavor_id": "7de08105-668c-48c1-8978-5fc40f578d24",
            "flavor_name": "ONPK_small",
            "floating_ip": null,
            "force_delete": false,
            "id": "f0a615c1-cdef-4de1-876e-98933f33b43e",
            "image_id": "0fc1152a-4037-4d89-a22a-60f477e2eba0",
            "image_name": "ubuntu_server_20.04_Openstack",
            "key_pair": "ONPK_13-dev-keypair",
            "metadata": null,
            "name": "ONPK_13-dev-instance",
            "network": [
              {
                "access_network": false,
                "fixed_ip_v4": "158.193.153.155",
                "fixed_ip_v6": "[2001:4118:300:124::1:3e]",
                "floating_ip": "",
                "mac": "fa:16:3e:50:42:0d",
                "name": "ext-net",
                "port": "",
                "uuid": "1879d9ce-dd1f-4d9b-a9b0-d4fe208dc88a"
              }
            ],
            "network_mode": null,
            "personality": [],
            "power_state": "active",
            "region": "RegionOne",
            "scheduler_hints": [],
            "security_groups": [
              "ONPK_13-dev-secgroup"
            ],
            "stop_before_destroy": false,
            "tags": [],
            "timeouts": null,
            "updated": "2022-12-21 14:47:02 +0000 UTC",
            "user_data": "f3079decff10959de0d17e163a3bc104db43d1e7",
            "vendor_options": [],
            "volume": []
          },
          "sensitive_attributes": [],
          "private": "eyJlMmJmYjczMC1lY2FhLTExZTYtOGY4OC0zNDM2M2JjN2M0YzAiOnsiY3JlYXRlIjoxODAwMDAwMDAwMDAwLCJkZWxldGUiOjE4MDAwMDAwMDAwMDAsInVwZGF0ZSI6MTgwMDAwMDAwMDAwMH19",
          "dependencies": [
            "data.cloudinit_config.user_data",
            "openstack_compute_keypair_v2.keypair",
            "openstack_networking_secgroup_v2.security_group"
          ]
        }
      ]
    },
    {
      "mode": "managed",
      "type": "openstack_compute_keypair_v2",
      "name": "keypair",
      "provider": "provider[\"registry.terraform.io/terraform-provider-openstack/openstack\"]",
      "instances": [
        {
          "schema_version": 0,
          "attributes": {
            "fingerprint": "19:13:b6:53:50:08:9d:5a:39:31:fe:71:76:78:1f:97",
            "id": "ONPK_13-dev-keypair",
            "name": "ONPK_13-dev-keypair",
            "private_key": "-----BEGIN RSA PRIVATE KEY-----\nMIIEowIBAAKCAQEAsPL/djB4nQBu0nTTV8Zm1UGAW9QYAhosgDIsXVGk5iII8wih\nw1C2kRxuQDeFdTFXFIer3ScGn2i5tmJfhqMKpIlvptwQrFLaPZCN7QdpjMHOM5F0\niWtLlIfy3L3RhyUERzzi7eSJAfV30B+EMita5893FKde7dyUJ/FBPGbUuv2DMvON\nw2Q5pitpjBtrhesQTDlVJhTEWtRSc9ZJorEklpo3EzVmF42fZmHxJc+0EZeNe3e3\nBWVijh8TzGiPOJxu/i1vwF+B+3mTWnQ5707tJjBbIxkbMp0+pYY//CxDXI89JDml\n25GSo9Mq6BRVN3dHJUCg5LcyUnTV0IT9kLg0dwIDAQABAoIBAFkXcAIs831xK1sx\nUPufvEThPuR9TD06um8tU+MEaXcpacIb9X5mlBVJ8ETK75oK5qJCkQi/TnlSfDbV\nHu2mB4TCYgHsSUTKTnGy55KRKdah+dVDBh7uc9ZsAJ6dv/JAc//+Ku/GIilnUxTp\n2WB9Lb8LWRSAFK7EYaAeu07TI4alqWbV5zNuAMAaIlnedC77PkN42OL97X0cQfQf\nPmJJYu6eiNmQKwwSWFuXA6aqlLQEEIlbFzZFoDekovvlA6HLjc/K3F976hwfggJ8\nyBJ0O6OIxcgiZ+d6MRm5tk9fvPvLV45KNyGRPmm3fdWYGCSoPPlO+eFQwsspfoGl\n2JEGEVkCgYEA1d8tBVmiYWpdlJb8QUbpE6+4Sbx+ySD8GklCsjDnwkiAKeUCuqeR\nUVwjhnr4BX7wtEpXVqexI8rYOX2m3qJ+qF7Ry4gVdZOCPGLaijTdQLmXAmadUnr+\nce2eQBJTtsvexDwVixlU99gnU8FG4gvua447j0KkmOXbNNYsOaMDokMCgYEA083x\nW7kLlfIvxNX1TwZWhONEOYFxqzri3P7tSfVadlBLMlGPXl9hOp8dVV+T3yaMtte9\nCvHNnGc123WiI/oOmo2COtob96kBvhcduGR431vwVHxGSFt/a7OkAXzbcK2EP1Pj\nyvlpJSY6Ba1kzOt2uMY2vGX607xuO0gBIEq4470CgYB+wLMU/aeQJpLpsoY0Rctz\nQGxvPwjBOQxQo+SkaPmiGofizHhOmWs1le70D8MYtr//iiOzFtWUSe7WO9L/Fb0N\nGo0qHC/jrBW+pjOxP111s8h8wsYwkPZmHRbyECqPJsqS8K0v8EZ8UR4VtHHHHJ0k\nH3rLEAsvFuNQsDIrwqIvswKBgEa8LZIDX6IpKtji17UXmcdxmvRVjZ+w39kMbjTX\n8uk2cZaRdH8A/Zi1UPeVHu5UkoPx0tmX3aIROgRb6dV4Cm6FOevrsZFpaQKR98QA\nEfoOW1nr0xERNaHDcc9pYmPkHxmDK706xGm6tX/144coUBLvZ5JNwJH8CRhVOMMP\nEWZFAoGBAKvBPrj6aw91gm2oydEV6nj8dIjQ9pLtkNKhawiauh3HZrKBnk5u+1QU\nkq5MV/vvzmV+AbCjAlouujypYXVPT0YO9fr0yGdkhmegHY5gmU6ZgSmfSYqQ6GTy\nGphHjiIoKGOm54FBRLE8wQ4AfewprH5HaxZUf2lkM8WiDIABBmjC\n-----END RSA PRIVATE KEY-----\n",
            "public_key": "ssh-rsa AAAAB3NzaC1yc2EAAAADAQABAAABAQCw8v92MHidAG7SdNNXxmbVQYBb1BgCGiyAMixdUaTmIgjzCKHDULaRHG5AN4V1MVcUh6vdJwafaLm2Yl+GowqkiW+m3BCsUto9kI3tB2mMwc4zkXSJa0uUh/LcvdGHJQRHPOLt5IkB9XfQH4QyK1rnz3cUp17t3JQn8UE8ZtS6/YMy843DZDmmK2mMG2uF6xBMOVUmFMRa1FJz1kmisSSWmjcTNWYXjZ9mYfElz7QRl417d7cFZWKOHxPMaI84nG7+LW/AX4H7eZNadDnvTu0mMFsjGRsynT6lhj/8LENcjz0kOaXbkZKj0yroFFU3d0clQKDktzJSdNXQhP2QuDR3 Generated-by-Nova",
            "region": "RegionOne",
            "user_id": "",
            "value_specs": null
          },
          "sensitive_attributes": [],
          "private": "bnVsbA=="
        }
      ]
    },
    {
      "mode": "managed",
      "type": "openstack_networking_secgroup_rule_v2",
      "name": "security_group_rule_icmp",
      "provider": "provider[\"registry.terraform.io/terraform-provider-openstack/openstack\"]",
      "instances": [
        {
          "schema_version": 0,
          "attributes": {
            "description": "Managed by Terraform!",
            "direction": "ingress",
            "ethertype": "IPv4",
            "id": "95c84466-0473-476f-819b-932609a03f72",
            "port_range_max": 0,
            "port_range_min": 0,
            "protocol": "icmp",
            "region": "RegionOne",
            "remote_group_id": "",
            "remote_ip_prefix": "158.193.177.7/32",
            "security_group_id": "46541e8d-3462-4bb3-ac80-e533016d6c60",
            "tenant_id": "8c460336cef74f14b77aa97ec70a19ef",
            "timeouts": null
          },
          "sensitive_attributes": [],
          "private": "eyJlMmJmYjczMC1lY2FhLTExZTYtOGY4OC0zNDM2M2JjN2M0YzAiOnsiZGVsZXRlIjo2MDAwMDAwMDAwMDB9fQ==",
          "dependencies": [
            "data.http.my_public_ip",
            "openstack_networking_secgroup_v2.security_group"
          ]
        }
      ]
    },
    {
      "mode": "managed",
      "type": "openstack_networking_secgroup_rule_v2",
      "name": "security_group_rule_tcp",
      "provider": "provider[\"registry.terraform.io/terraform-provider-openstack/openstack\"]",
      "instances": [
        {
          "schema_version": 0,
          "attributes": {
            "description": "Managed by Terraform!",
            "direction": "ingress",
            "ethertype": "IPv4",
            "id": "624f190e-8a59-4484-b4a8-b3d40a576f08",
            "port_range_max": 0,
            "port_range_min": 0,
            "protocol": "tcp",
            "region": "RegionOne",
            "remote_group_id": "",
            "remote_ip_prefix": "158.193.177.7/32",
            "security_group_id": "46541e8d-3462-4bb3-ac80-e533016d6c60",
            "tenant_id": "8c460336cef74f14b77aa97ec70a19ef",
            "timeouts": null
          },
          "sensitive_attributes": [],
          "private": "eyJlMmJmYjczMC1lY2FhLTExZTYtOGY4OC0zNDM2M2JjN2M0YzAiOnsiZGVsZXRlIjo2MDAwMDAwMDAwMDB9fQ==",
          "dependencies": [
            "data.http.my_public_ip",
            "openstack_networking_secgroup_v2.security_group"
          ]
        }
      ]
    },
    {
      "mode": "managed",
      "type": "openstack_networking_secgroup_rule_v2",
      "name": "security_group_rule_udp",
      "provider": "provider[\"registry.terraform.io/terraform-provider-openstack/openstack\"]",
      "instances": [
        {
          "schema_version": 0,
          "attributes": {
            "description": "Managed by Terraform!",
            "direction": "ingress",
            "ethertype": "IPv4",
            "id": "9dfb4a86-38cf-45e9-a668-786b5b164194",
            "port_range_max": 0,
            "port_range_min": 0,
            "protocol": "udp",
            "region": "RegionOne",
            "remote_group_id": "",
            "remote_ip_prefix": "158.193.177.7/32",
            "security_group_id": "46541e8d-3462-4bb3-ac80-e533016d6c60",
            "tenant_id": "8c460336cef74f14b77aa97ec70a19ef",
            "timeouts": null
          },
          "sensitive_attributes": [],
          "private": "eyJlMmJmYjczMC1lY2FhLTExZTYtOGY4OC0zNDM2M2JjN2M0YzAiOnsiZGVsZXRlIjo2MDAwMDAwMDAwMDB9fQ==",
          "dependencies": [
            "data.http.my_public_ip",
            "openstack_networking_secgroup_v2.security_group"
          ]
        }
      ]
    },
    {
      "mode": "managed",
      "type": "openstack_networking_secgroup_v2",
      "name": "security_group",
      "provider": "provider[\"registry.terraform.io/terraform-provider-openstack/openstack\"]",
      "instances": [
        {
          "schema_version": 0,
          "attributes": {
            "all_tags": [],
            "delete_default_rules": null,
            "description": "",
            "id": "46541e8d-3462-4bb3-ac80-e533016d6c60",
            "name": "ONPK_13-dev-secgroup",
            "region": "RegionOne",
            "tags": [],
            "tenant_id": "8c460336cef74f14b77aa97ec70a19ef",
            "timeouts": null
          },
          "sensitive_attributes": [],
          "private": "eyJlMmJmYjczMC1lY2FhLTExZTYtOGY4OC0zNDM2M2JjN2M0YzAiOnsiZGVsZXRlIjo2MDAwMDAwMDAwMDB9fQ=="
        }
      ]
    }
  ],
  "check_results": []
}
